
Microsoft Visual Studio Solution File, Format Version 12.00
# Visual Studio Version 17
VisualStudioVersion = 17.10.35122.118
MinimumVisualStudioVersion = 10.0.40219.1
Project("{FAE04EC0-301F-11D3-BF4B-00C04F79EFBC}") = "BibliotecaAPI", "BibliotecaAPI\BibliotecaAPI.csproj", "{B92A4AE6-8735-47F8-9029-C0EEC9AA7E5D}"
EndProject
Global
	GlobalSection(SolutionConfigurationPlatforms) = preSolution
		Debug|Any CPU = Debug|Any CPU
		Release|Any CPU = Release|Any CPU
	EndGlobalSection
	GlobalSection(ProjectConfigurationPlatforms) = postSolution
		{B92A4AE6-8735-47F8-9029-C0EEC9AA7E5D}.Debug|Any CPU.ActiveCfg = Debug|Any CPU
		{B92A4AE6-8735-47F8-9029-C0EEC9AA7E5D}.Debug|Any CPU.Build.0 = Debug|Any CPU
		{B92A4AE6-8735-47F8-9029-C0EEC9AA7E5D}.Release|Any CPU.ActiveCfg = Release|Any CPU
		{B92A4AE6-8735-47F8-9029-C0EEC9AA7E5D}.Release|Any CPU.Build.0 = Release|Any CPU
	EndGlobalSection
	GlobalSection(SolutionProperties) = preSolution
		HideSolutionNode = FALSE
	EndGlobalSection
	GlobalSection(ExtensibilityGlobals) = postSolution
		SolutionGuid = {9C976438-3C8C-43CD-8A0E-997384457099}
	EndGlobalSection
EndGlobal
